
Microsoft Visual Studio Solution File, Format Version 12.00
# Visual Studio 15
VisualStudioVersion = 15.0.28307.1267
MinimumVisualStudioVersion = 10.0.40219.1
Project("{F184B08F-C81C-45F6-A57F-5ABD9991F28F}") = "OrientacaoAoObjeto", "OrientacaoAoObjeto\OrientacaoAoObjeto.vbproj", "{D402CA3D-6CA1-4603-9A27-657EC230D31C}"
EndProject
Global
	GlobalSection(SolutionConfigurationPlatforms) = preSolution
		Debug|Any CPU = Debug|Any CPU
		Release|Any CPU = Release|Any CPU
	EndGlobalSection
	GlobalSection(ProjectConfigurationPlatforms) = postSolution
		{D402CA3D-6CA1-4603-9A27-657EC230D31C}.Debug|Any CPU.ActiveCfg = Debug|Any CPU
		{D402CA3D-6CA1-4603-9A27-657EC230D31C}.Debug|Any CPU.Build.0 = Debug|Any CPU
		{D402CA3D-6CA1-4603-9A27-657EC230D31C}.Release|Any CPU.ActiveCfg = Release|Any CPU
		{D402CA3D-6CA1-4603-9A27-657EC230D31C}.Release|Any CPU.Build.0 = Release|Any CPU
	EndGlobalSection
	GlobalSection(SolutionProperties) = preSolution
		HideSolutionNode = FALSE
	EndGlobalSection
	GlobalSection(ExtensibilityGlobals) = postSolution
		SolutionGuid = {8A4A9303-A703-4833-8FFE-C8C3C4ECCC95}
	EndGlobalSection
EndGlobal
